// !$*UTF8*$!
{
	archiveVersion = 1;
	classes = {
	};
	objectVersion = 50;
	objects = {

/* Begin PBXBuildFile section */
		1ACE5DEB23F26F45007B494C /* AppDelegate.swift in Sources */ = {isa = PBXBuildFile; fileRef = 1ACE5DEA23F26F45007B494C /* AppDelegate.swift */; };
		1ACE5DED23F26F45007B494C /* SceneDelegate.swift in Sources */ = {isa = PBXBuildFile; fileRef = 1ACE5DEC23F26F45007B494C /* SceneDelegate.swift */; };
		1ACE5DF223F26F45007B494C /* Main.storyboard in Resources */ = {isa = PBXBuildFile; fileRef = 1ACE5DF023F26F45007B494C /* Main.storyboard */; };
		1ACE5DF423F26F46007B494C /* Assets.xcassets in Resources */ = {isa = PBXBuildFile; fileRef = 1ACE5DF323F26F46007B494C /* Assets.xcassets */; };
		1ACE5DF723F26F46007B494C /* LaunchScreen.storyboard in Resources */ = {isa = PBXBuildFile; fileRef = 1ACE5DF523F26F46007B494C /* LaunchScreen.storyboard */; };
		1ACE5E0523F26FF5007B494C /* AlbumsTableViewController.swift in Sources */ = {isa = PBXBuildFile; fileRef = 1ACE5E0423F26FF5007B494C /* AlbumsTableViewController.swift */; };
		1ACE5E0723F2898B007B494C /* AlbumDetailTableViewController.swift in Sources */ = {isa = PBXBuildFile; fileRef = 1ACE5E0623F2898B007B494C /* AlbumDetailTableViewController.swift */; };
		1ACE5E0B23F28ABD007B494C /* SongTableViewCell.swift in Sources */ = {isa = PBXBuildFile; fileRef = 1ACE5E0A23F28ABD007B494C /* SongTableViewCell.swift */; };
/* End PBXBuildFile section */

/* Begin PBXFileReference section */
		1ACE5DE723F26F45007B494C /* Albums.app */ = {isa = PBXFileReference; explicitFileType = wrapper.application; includeInIndex = 0; path = Albums.app; sourceTree = BUILT_PRODUCTS_DIR; };
		1ACE5DEA23F26F45007B494C /* AppDelegate.swift */ = {isa = PBXFileReference; lastKnownFileType = sourcecode.swift; path = AppDelegate.swift; sourceTree = "<group>"; };
		1ACE5DEC23F26F45007B494C /* SceneDelegate.swift */ = {isa = PBXFileReference; lastKnownFileType = sourcecode.swift; path = SceneDelegate.swift; sourceTree = "<group>"; };
		1ACE5DF123F26F45007B494C /* Base */ = {isa = PBXFileReference; lastKnownFileType = file.storyboard; name = Base; path = Base.lproj/Main.storyboard; sourceTree = "<group>"; };
		1ACE5DF323F26F46007B494C /* Assets.xcassets */ = {isa = PBXFileReference; lastKnownFileType = folder.assetcatalog; path = Assets.xcassets; sourceTree = "<group>"; };
		1ACE5DF623F26F46007B494C /* Base */ = {isa = PBXFileReference; lastKnownFileType = file.storyboard; name = Base; path = Base.lproj/LaunchScreen.storyboard; sourceTree = "<group>"; };
		1ACE5DF823F26F46007B494C /* Info.plist */ = {isa = PBXFileReference; lastKnownFileType = text.plist.xml; path = Info.plist; sourceTree = "<group>"; };
		1ACE5E0423F26FF5007B494C /* AlbumsTableViewController.swift */ = {isa = PBXFileReference; lastKnownFileType = sourcecode.swift; path = AlbumsTableViewController.swift; sourceTree = "<group>"; };
		1ACE5E0623F2898B007B494C /* AlbumDetailTableViewController.swift */ = {isa = PBXFileReference; lastKnownFileType = sourcecode.swift; path = AlbumDetailTableViewController.swift; sourceTree = "<group>"; };
		1ACE5E0A23F28ABD007B494C /* SongTableViewCell.swift */ = {isa = PBXFileReference; lastKnownFileType = sourcecode.swift; path = SongTableViewCell.swift; sourceTree = "<group>"; };
/* End PBXFileReference section */

/* Begin PBXFrameworksBuildPhase section */
		1ACE5DE423F26F45007B494C /* Frameworks */ = {
			isa = PBXFrameworksBuildPhase;
			buildActionMask = 2147483647;
			files = (
			);
			runOnlyForDeploymentPostprocessing = 0;
		};
/* End PBXFrameworksBuildPhase section */

/* Begin PBXGroup section */
		1ACE5DDE23F26F45007B494C = {
			isa = PBXGroup;
			children = (
				1ACE5DE923F26F45007B494C /* Albums */,
				1ACE5DE823F26F45007B494C /* Products */,
			);
			sourceTree = "<group>";
		};
		1ACE5DE823F26F45007B494C /* Products */ = {
			isa = PBXGroup;
			children = (
				1ACE5DE723F26F45007B494C /* Albums.app */,
			);
			name = Products;
			sourceTree = "<group>";
		};
		1ACE5DE923F26F45007B494C /* Albums */ = {
			isa = PBXGroup;
			children = (
				1ACE5E0123F26FB0007B494C /* Controllers */,
				1ACE5E0023F26FAC007B494C /* Models */,
				1ACE5DFE23F26F55007B494C /* Resources */,
				1ACE5DFF23F26F64007B494C /* Views */,
			);
			path = Albums;
			sourceTree = "<group>";
		};
		1ACE5DFE23F26F55007B494C /* Resources */ = {
			isa = PBXGroup;
			children = (
				1ACE5DEA23F26F45007B494C /* AppDelegate.swift */,
				1ACE5DEC23F26F45007B494C /* SceneDelegate.swift */,
				1ACE5DF323F26F46007B494C /* Assets.xcassets */,
				1ACE5DF823F26F46007B494C /* Info.plist */,
			);
			path = Resources;
			sourceTree = "<group>";
		};
		1ACE5DFF23F26F64007B494C /* Views */ = {
			isa = PBXGroup;
			children = (
				1ACE5E0923F28AA5007B494C /* TableViewCells */,
				1ACE5E0823F28A9B007B494C /* Storyboards */,
			);
			path = Views;
			sourceTree = "<group>";
		};
		1ACE5E0023F26FAC007B494C /* Models */ = {
			isa = PBXGroup;
			children = (
			);
			path = Models;
			sourceTree = "<group>";
		};
		1ACE5E0123F26FB0007B494C /* Controllers */ = {
			isa = PBXGroup;
			children = (
				1ACE5E0323F26FBA007B494C /* Model Controllers */,
				1ACE5E0223F26FB5007B494C /* View Controllers */,
			);
			path = Controllers;
			sourceTree = "<group>";
		};
		1ACE5E0223F26FB5007B494C /* View Controllers */ = {
			isa = PBXGroup;
			children = (
				1ACE5E0423F26FF5007B494C /* AlbumsTableViewController.swift */,
				1ACE5E0623F2898B007B494C /* AlbumDetailTableViewController.swift */,
			);
			path = "View Controllers";
			sourceTree = "<group>";
		};
		1ACE5E0323F26FBA007B494C /* Model Controllers */ = {
			isa = PBXGroup;
			children = (
			);
			path = "Model Controllers";
			sourceTree = "<group>";
		};
		1ACE5E0823F28A9B007B494C /* Storyboards */ = {
			isa = PBXGroup;
			children = (
				1ACE5DF023F26F45007B494C /* Main.storyboard */,
				1ACE5DF523F26F46007B494C /* LaunchScreen.storyboard */,
			);
			path = Storyboards;
			sourceTree = "<group>";
		};
		1ACE5E0923F28AA5007B494C /* TableViewCells */ = {
			isa = PBXGroup;
			children = (
				1ACE5E0A23F28ABD007B494C /* SongTableViewCell.swift */,
			);
			path = TableViewCells;
			sourceTree = "<group>";
		};
/* End PBXGroup section */

/* Begin PBXNativeTarget section */
		1ACE5DE623F26F45007B494C /* Albums */ = {
			isa = PBXNativeTarget;
			buildConfigurationList = 1ACE5DFB23F26F46007B494C /* Build configuration list for PBXNativeTarget "Albums" */;
			buildPhases = (
				1ACE5DE323F26F45007B494C /* Sources */,
				1ACE5DE423F26F45007B494C /* Frameworks */,
				1ACE5DE523F26F45007B494C /* Resources */,
			);
			buildRules = (
			);
			dependencies = (
			);
			name = Albums;
			productName = Albums;
			productReference = 1ACE5DE723F26F45007B494C /* Albums.app */;
			productType = "com.apple.product-type.application";
		};
/* End PBXNativeTarget section */

/* Begin PBXProject section */
		1ACE5DDF23F26F45007B494C /* Project object */ = {
			isa = PBXProject;
			attributes = {
				LastSwiftUpdateCheck = 1130;
				LastUpgradeCheck = 1130;
				ORGANIZATIONNAME = "Aaron Cleveland";
				TargetAttributes = {
					1ACE5DE623F26F45007B494C = {
						CreatedOnToolsVersion = 11.3.1;
					};
				};
			};
			buildConfigurationList = 1ACE5DE223F26F45007B494C /* Build configuration list for PBXProject "Albums" */;
			compatibilityVersion = "Xcode 9.3";
			developmentRegion = en;
			hasScannedForEncodings = 0;
			knownRegions = (
				en,
				Base,
			);
			mainGroup = 1ACE5DDE23F26F45007B494C;
			productRefGroup = 1ACE5DE823F26F45007B494C /* Products */;
			projectDirPath = "";
			projectRoot = "";
			targets = (
				1ACE5DE623F26F45007B494C /* Albums */,
			);
		};
/* End PBXProject section */

/* Begin PBXResourcesBuildPhase section */
		1ACE5DE523F26F45007B494C /* Resources */ = {
			isa = PBXResourcesBuildPhase;
			buildActionMask = 2147483647;
			files = (
				1ACE5DF723F26F46007B494C /* LaunchScreen.storyboard in Resources */,
				1ACE5DF423F26F46007B494C /* Assets.xcassets in Resources */,
				1ACE5DF223F26F45007B494C /* Main.storyboard in Resources */,
			);
			runOnlyForDeploymentPostprocessing = 0;
		};
/* End PBXResourcesBuildPhase section */

/* Begin PBXSourcesBuildPhase section */
		1ACE5DE323F26F45007B494C /* Sources */ = {
			isa = PBXSourcesBuildPhase;
			buildActionMask = 2147483647;
			files = (
				1ACE5DEB23F26F45007B494C /* AppDelegate.swift in Sources */,
				1ACE5E0523F26FF5007B494C /* AlbumsTableViewController.swift in Sources */,
				1ACE5E0B23F28ABD007B494C /* SongTableViewCell.swift in Sources */,
				1ACE5E0723F2898B007B494C /* AlbumDetailTableViewController.swift in Sources */,
				1ACE5DED23F26F45007B494C /* SceneDelegate.swift in Sources */,
			);
			runOnlyForDeploymentPostprocessing = 0;
		};
/* End PBXSourcesBuildPhase section */

/* Begin PBXVariantGroup section */
		1ACE5DF023F26F45007B494C /* Main.storyboard */ = {
			isa = PBXVariantGroup;
			children = (
				1ACE5DF123F26F45007B494C /* Base */,
			);
			name = Main.storyboard;
			sourceTree = "<group>";
		};
		1ACE5DF523F26F46007B494C /* LaunchScreen.storyboard */ = {
			isa = PBXVariantGroup;
			children = (
				1ACE5DF623F26F46007B494C /* Base */,
			);
			name = LaunchScreen.storyboard;
			sourceTree = "<group>";
		};
/* End PBXVariantGroup section */

/* Begin XCBuildConfiguration section */
		1ACE5DF923F26F46007B494C /* Debug */ = {
			isa = XCBuildConfiguration;
			buildSettings = {
				ALWAYS_SEARCH_USER_PATHS = NO;
				CLANG_ANALYZER_NONNULL = YES;
				CLANG_ANALYZER_NUMBER_OBJECT_CONVERSION = YES_AGGRESSIVE;
				CLANG_CXX_LANGUAGE_STANDARD = "gnu++14";
				CLANG_CXX_LIBRARY = "libc++";
				CLANG_ENABLE_MODULES = YES;
				CLANG_ENABLE_OBJC_ARC = YES;
				CLANG_ENABLE_OBJC_WEAK = YES;
				CLANG_WARN_BLOCK_CAPTURE_AUTORELEASING = YES;
				CLANG_WARN_BOOL_CONVERSION = YES;
				CLANG_WARN_COMMA = YES;
				CLANG_WARN_CONSTANT_CONVERSION = YES;
				CLANG_WARN_DEPRECATED_OBJC_IMPLEMENTATIONS = YES;
				CLANG_WARN_DIRECT_OBJC_ISA_USAGE = YES_ERROR;
				CLANG_WARN_DOCUMENTATION_COMMENTS = YES;
				CLANG_WARN_EMPTY_BODY = YES;
				CLANG_WARN_ENUM_CONVERSION = YES;
				CLANG_WARN_INFINITE_RECURSION = YES;
				CLANG_WARN_INT_CONVERSION = YES;
				CLANG_WARN_NON_LITERAL_NULL_CONVERSION = YES;
				CLANG_WARN_OBJC_IMPLICIT_RETAIN_SELF = YES;
				CLANG_WARN_OBJC_LITERAL_CONVERSION = YES;
				CLANG_WARN_OBJC_ROOT_CLASS = YES_ERROR;
				CLANG_WARN_RANGE_LOOP_ANALYSIS = YES;
				CLANG_WARN_STRICT_PROTOTYPES = YES;
				CLANG_WARN_SUSPICIOUS_MOVE = YES;
				CLANG_WARN_UNGUARDED_AVAILABILITY = YES_AGGRESSIVE;
				CLANG_WARN_UNREACHABLE_CODE = YES;
				CLANG_WARN__DUPLICATE_METHOD_MATCH = YES;
				COPY_PHASE_STRIP = NO;
				DEBUG_INFORMATION_FORMAT = dwarf;
				ENABLE_STRICT_OBJC_MSGSEND = YES;
				ENABLE_TESTABILITY = YES;
				GCC_C_LANGUAGE_STANDARD = gnu11;
				GCC_DYNAMIC_NO_PIC = NO;
				GCC_NO_COMMON_BLOCKS = YES;
				GCC_OPTIMIZATION_LEVEL = 0;
				GCC_PREPROCESSOR_DEFINITIONS = (
					"DEBUG=1",
					"$(inherited)",
				);
				GCC_WARN_64_TO_32_BIT_CONVERSION = YES;
				GCC_WARN_ABOUT_RETURN_TYPE = YES_ERROR;
				GCC_WARN_UNDECLARED_SELECTOR = YES;
				GCC_WARN_UNINITIALIZED_AUTOS = YES_AGGRESSIVE;
				GCC_WARN_UNUSED_FUNCTION = YES;
				GCC_WARN_UNUSED_VARIABLE = YES;
				IPHONEOS_DEPLOYMENT_TARGET = 13.2;
				MTL_ENABLE_DEBUG_INFO = INCLUDE_SOURCE;
				MTL_FAST_MATH = YES;
				ONLY_ACTIVE_ARCH = YES;
				SDKROOT = iphoneos;
				SWIFT_ACTIVE_COMPILATION_CONDITIONS = DEBUG;
				SWIFT_OPTIMIZATION_LEVEL = "-Onone";
			};
			name = Debug;
		};
		1ACE5DFA23F26F46007B494C /* Release */ = {
			isa = XCBuildConfiguration;
			buildSettings = {
				ALWAYS_SEARCH_USER_PATHS = NO;
				CLANG_ANALYZER_NONNULL = YES;
				CLANG_ANALYZER_NUMBER_OBJECT_CONVERSION = YES_AGGRESSIVE;
				CLANG_CXX_LANGUAGE_STANDARD = "gnu++14";
				CLANG_CXX_LIBRARY = "libc++";
				CLANG_ENABLE_MODULES = YES;
				CLANG_ENABLE_OBJC_ARC = YES;
				CLANG_ENABLE_OBJC_WEAK = YES;
				CLANG_WARN_BLOCK_CAPTURE_AUTORELEASING = YES;
				CLANG_WARN_BOOL_CONVERSION = YES;
				CLANG_WARN_COMMA = YES;
				CLANG_WARN_CONSTANT_CONVERSION = YES;
				CLANG_WARN_DEPRECATED_OBJC_IMPLEMENTATIONS = YES;
				CLANG_WARN_DIRECT_OBJC_ISA_USAGE = YES_ERROR;
				CLANG_WARN_DOCUMENTATION_COMMENTS = YES;
				CLANG_WARN_EMPTY_BODY = YES;
				CLANG_WARN_ENUM_CONVERSION = YES;
				CLANG_WARN_INFINITE_RECURSION = YES;
				CLANG_WARN_INT_CONVERSION = YES;
				CLANG_WARN_NON_LITERAL_NULL_CONVERSION = YES;
				CLANG_WARN_OBJC_IMPLICIT_RETAIN_SELF = YES;
				CLANG_WARN_OBJC_LITERAL_CONVERSION = YES;
				CLANG_WARN_OBJC_ROOT_CLASS = YES_ERROR;
				CLANG_WARN_RANGE_LOOP_ANALYSIS = YES;
				CLANG_WARN_STRICT_PROTOTYPES = YES;
				CLANG_WARN_SUSPICIOUS_MOVE = YES;
				CLANG_WARN_UNGUARDED_AVAILABILITY = YES_AGGRESSIVE;
				CLANG_WARN_UNREACHABLE_CODE = YES;
				CLANG_WARN__DUPLICATE_METHOD_MATCH = YES;
				COPY_PHASE_STRIP = NO;
				DEBUG_INFORMATION_FORMAT = "dwarf-with-dsym";
				ENABLE_NS_ASSERTIONS = NO;
				ENABLE_STRICT_OBJC_MSGSEND = YES;
				GCC_C_LANGUAGE_STANDARD = gnu11;
				GCC_NO_COMMON_BLOCKS = YES;
				GCC_WARN_64_TO_32_BIT_CONVERSION = YES;
				GCC_WARN_ABOUT_RETURN_TYPE = YES_ERROR;
				GCC_WARN_UNDECLARED_SELECTOR = YES;
				GCC_WARN_UNINITIALIZED_AUTOS = YES_AGGRESSIVE;
				GCC_WARN_UNUSED_FUNCTION = YES;
				GCC_WARN_UNUSED_VARIABLE = YES;
				IPHONEOS_DEPLOYMENT_TARGET = 13.2;
				MTL_ENABLE_DEBUG_INFO = NO;
				MTL_FAST_MATH = YES;
				SDKROOT = iphoneos;
				SWIFT_COMPILATION_MODE = wholemodule;
				SWIFT_OPTIMIZATION_LEVEL = "-O";
				VALIDATE_PRODUCT = YES;
			};
			name = Release;
		};
		1ACE5DFC23F26F46007B494C /* Debug */ = {
			isa = XCBuildConfiguration;
			buildSettings = {
				ASSETCATALOG_COMPILER_APPICON_NAME = AppIcon;
				CODE_SIGN_STYLE = Automatic;
				DEVELOPMENT_TEAM = 6SYENEWMJ7;
				INFOPLIST_FILE = Albums/Info.plist;
				LD_RUNPATH_SEARCH_PATHS = (
					"$(inherited)",
					"@executable_path/Frameworks",
				);
				PRODUCT_BUNDLE_IDENTIFIER = com.AaronClevleand.Albums;
				PRODUCT_NAME = "$(TARGET_NAME)";
				SWIFT_VERSION = 5.0;
				TARGETED_DEVICE_FAMILY = "1,2";
			};
			name = Debug;
		};
		1ACE5DFD23F26F46007B494C /* Release */ = {
			isa = XCBuildConfiguration;
			buildSettings = {
				ASSETCATALOG_COMPILER_APPICON_NAME = AppIcon;
				CODE_SIGN_STYLE = Automatic;
				DEVELOPMENT_TEAM = 6SYENEWMJ7;
				INFOPLIST_FILE = Albums/Info.plist;
				LD_RUNPATH_SEARCH_PATHS = (
					"$(inherited)",
					"@executable_path/Frameworks",
				);
				PRODUCT_BUNDLE_IDENTIFIER = com.AaronClevleand.Albums;
				PRODUCT_NAME = "$(TARGET_NAME)";
				SWIFT_VERSION = 5.0;
				TARGETED_DEVICE_FAMILY = "1,2";
			};
			name = Release;
		};
/* End XCBuildConfiguration section */

/* Begin XCConfigurationList section */
		1ACE5DE223F26F45007B494C /* Build configuration list for PBXProject "Albums" */ = {
			isa = XCConfigurationList;
			buildConfigurations = (
				1ACE5DF923F26F46007B494C /* Debug */,
				1ACE5DFA23F26F46007B494C /* Release */,
			);
			defaultConfigurationIsVisible = 0;
			defaultConfigurationName = Release;
		};
		1ACE5DFB23F26F46007B494C /* Build configuration list for PBXNativeTarget "Albums" */ = {
			isa = XCConfigurationList;
			buildConfigurations = (
				1ACE5DFC23F26F46007B494C /* Debug */,
				1ACE5DFD23F26F46007B494C /* Release */,
			);
			defaultConfigurationIsVisible = 0;
			defaultConfigurationName = Release;
		};
/* End XCConfigurationList section */
	};
	rootObject = 1ACE5DDF23F26F45007B494C /* Project object */;
}
